
Microsoft Visual Studio Solution File, Format Version 12.00
# Visual Studio Version 17
VisualStudioVersion = 17.4.33205.214
MinimumVisualStudioVersion = 10.0.40219.1
Project("{9A19103F-16F7-4668-BE54-9A1E7A4F7556}") = "WritingFunctions", "WritingFunctions\WritingFunctions.csproj", "{C34F7940-53C1-45A7-81E3-2EAC514D9476}"
EndProject
Project("{9A19103F-16F7-4668-BE54-9A1E7A4F7556}") = "Debugging", "Debugging\Debugging.csproj", "{162B4A25-F9F0-4E48-BF11-5A17A39610E3}"
EndProject
Project("{FAE04EC0-301F-11D3-BF4B-00C04F79EFBC}") = "HotReloading", "HotReloading\HotReloading.csproj", "{4287FE89-6389-4289-9F23-A1DF6F063E4D}"
EndProject
Project("{FAE04EC0-301F-11D3-BF4B-00C04F79EFBC}") = "Instrumenting", "Instrumenting\Instrumenting.csproj", "{634220A9-C446-4A8E-858C-9B03F8D3E8A8}"
EndProject
Project("{FAE04EC0-301F-11D3-BF4B-00C04F79EFBC}") = "CalculatorLib", "CalculatorLib\CalculatorLib.csproj", "{FF45ED09-FEE4-493B-AFCE-FDC8DBEDF6C8}"
EndProject
Project("{FAE04EC0-301F-11D3-BF4B-00C04F79EFBC}") = "CalculatorLibUnitTests", "CalculatorLibUnitTests\CalculatorLibUnitTests.csproj", "{B1D469FF-3E73-4071-8E71-FCF3EEC9FD83}"
EndProject
Project("{FAE04EC0-301F-11D3-BF4B-00C04F79EFBC}") = "CallStackExceptionHandlingLib", "CallStackExceptionHandlingLib\CallStackExceptionHandlingLib.csproj", "{9D7C1208-E029-4D53-A115-C9B8511F041C}"
EndProject
Project("{FAE04EC0-301F-11D3-BF4B-00C04F79EFBC}") = "CallStackExceptionHandling", "CallStackExceptionHandling\CallStackExceptionHandling.csproj", "{73FA79BD-F78D-4697-AAF3-86761AC39746}"
EndProject
Global
	GlobalSection(SolutionConfigurationPlatforms) = preSolution
		Debug|Any CPU = Debug|Any CPU
		Release|Any CPU = Release|Any CPU
	EndGlobalSection
	GlobalSection(ProjectConfigurationPlatforms) = postSolution
		{C34F7940-53C1-45A7-81E3-2EAC514D9476}.Debug|Any CPU.ActiveCfg = Debug|Any CPU
		{C34F7940-53C1-45A7-81E3-2EAC514D9476}.Debug|Any CPU.Build.0 = Debug|Any CPU
		{C34F7940-53C1-45A7-81E3-2EAC514D9476}.Release|Any CPU.ActiveCfg = Release|Any CPU
		{C34F7940-53C1-45A7-81E3-2EAC514D9476}.Release|Any CPU.Build.0 = Release|Any CPU
		{162B4A25-F9F0-4E48-BF11-5A17A39610E3}.Debug|Any CPU.ActiveCfg = Debug|Any CPU
		{162B4A25-F9F0-4E48-BF11-5A17A39610E3}.Debug|Any CPU.Build.0 = Debug|Any CPU
		{162B4A25-F9F0-4E48-BF11-5A17A39610E3}.Release|Any CPU.ActiveCfg = Release|Any CPU
		{162B4A25-F9F0-4E48-BF11-5A17A39610E3}.Release|Any CPU.Build.0 = Release|Any CPU
		{4287FE89-6389-4289-9F23-A1DF6F063E4D}.Debug|Any CPU.ActiveCfg = Debug|Any CPU
		{4287FE89-6389-4289-9F23-A1DF6F063E4D}.Debug|Any CPU.Build.0 = Debug|Any CPU
		{4287FE89-6389-4289-9F23-A1DF6F063E4D}.Release|Any CPU.ActiveCfg = Release|Any CPU
		{4287FE89-6389-4289-9F23-A1DF6F063E4D}.Release|Any CPU.Build.0 = Release|Any CPU
		{634220A9-C446-4A8E-858C-9B03F8D3E8A8}.Debug|Any CPU.ActiveCfg = Debug|Any CPU
		{634220A9-C446-4A8E-858C-9B03F8D3E8A8}.Debug|Any CPU.Build.0 = Debug|Any CPU
		{634220A9-C446-4A8E-858C-9B03F8D3E8A8}.Release|Any CPU.ActiveCfg = Release|Any CPU
		{634220A9-C446-4A8E-858C-9B03F8D3E8A8}.Release|Any CPU.Build.0 = Release|Any CPU
		{FF45ED09-FEE4-493B-AFCE-FDC8DBEDF6C8}.Debug|Any CPU.ActiveCfg = Debug|Any CPU
		{FF45ED09-FEE4-493B-AFCE-FDC8DBEDF6C8}.Debug|Any CPU.Build.0 = Debug|Any CPU
		{FF45ED09-FEE4-493B-AFCE-FDC8DBEDF6C8}.Release|Any CPU.ActiveCfg = Release|Any CPU
		{FF45ED09-FEE4-493B-AFCE-FDC8DBEDF6C8}.Release|Any CPU.Build.0 = Release|Any CPU
		{B1D469FF-3E73-4071-8E71-FCF3EEC9FD83}.Debug|Any CPU.ActiveCfg = Debug|Any CPU
		{B1D469FF-3E73-4071-8E71-FCF3EEC9FD83}.Debug|Any CPU.Build.0 = Debug|Any CPU
		{B1D469FF-3E73-4071-8E71-FCF3EEC9FD83}.Release|Any CPU.ActiveCfg = Release|Any CPU
		{B1D469FF-3E73-4071-8E71-FCF3EEC9FD83}.Release|Any CPU.Build.0 = Release|Any CPU
		{9D7C1208-E029-4D53-A115-C9B8511F041C}.Debug|Any CPU.ActiveCfg = Debug|Any CPU
		{9D7C1208-E029-4D53-A115-C9B8511F041C}.Debug|Any CPU.Build.0 = Debug|Any CPU
		{9D7C1208-E029-4D53-A115-C9B8511F041C}.Release|Any CPU.ActiveCfg = Release|Any CPU
		{9D7C1208-E029-4D53-A115-C9B8511F041C}.Release|Any CPU.Build.0 = Release|Any CPU
		{73FA79BD-F78D-4697-AAF3-86761AC39746}.Debug|Any CPU.ActiveCfg = Debug|Any CPU
		{73FA79BD-F78D-4697-AAF3-86761AC39746}.Debug|Any CPU.Build.0 = Debug|Any CPU
		{73FA79BD-F78D-4697-AAF3-86761AC39746}.Release|Any CPU.ActiveCfg = Release|Any CPU
		{73FA79BD-F78D-4697-AAF3-86761AC39746}.Release|Any CPU.Build.0 = Release|Any CPU
	EndGlobalSection
	GlobalSection(SolutionProperties) = preSolution
		HideSolutionNode = FALSE
	EndGlobalSection
	GlobalSection(ExtensibilityGlobals) = postSolution
		SolutionGuid = {DE544E47-5246-4EB7-A4C8-6F99AB733CC6}
	EndGlobalSection
EndGlobal
