
Microsoft Visual Studio Solution File, Format Version 12.00
# Visual Studio Version 17
VisualStudioVersion = 17.4.33205.214
MinimumVisualStudioVersion = 10.0.40219.1
Project("{9A19103F-16F7-4668-BE54-9A1E7A4F7556}") = "Vocabulary", "Vocabulary\Vocabulary.csproj", "{DD7BE4D4-F96C-4550-AE62-B480A29C8115}"
EndProject
Project("{FAE04EC0-301F-11D3-BF4B-00C04F79EFBC}") = "Numbers", "Numbers\Numbers.csproj", "{2ECEABC6-47B8-4850-B91C-91B385B7A7E1}"
EndProject
Project("{FAE04EC0-301F-11D3-BF4B-00C04F79EFBC}") = "Variables", "Variables\Variables.csproj", "{A2580916-C565-42D9-8915-6EAA9DC540E6}"
EndProject
Project("{FAE04EC0-301F-11D3-BF4B-00C04F79EFBC}") = "Formatting", "Formatting\Formatting.csproj", "{A91ECE8D-A67C-4F5D-8162-850287DE0A36}"
EndProject
Project("{FAE04EC0-301F-11D3-BF4B-00C04F79EFBC}") = "Arguments", "Arguments\Arguments.csproj", "{54888E70-A6B4-47C0-A24E-EF0C0CC9758A}"
EndProject
Project("{FAE04EC0-301F-11D3-BF4B-00C04F79EFBC}") = "AsyncConsole", "AsyncConsole\AsyncConsole.csproj", "{E707FFE4-2FDA-404D-BCF1-9F6652CB54CC}"
EndProject
Project("{FAE04EC0-301F-11D3-BF4B-00C04F79EFBC}") = "Ch2Ex3Numbers", "Ch2Ex3Numbers\Ch2Ex3Numbers.csproj", "{A8921DAA-D815-420B-B2E2-DC91AD3D875C}"
EndProject
Global
	GlobalSection(SolutionConfigurationPlatforms) = preSolution
		Debug|Any CPU = Debug|Any CPU
		Release|Any CPU = Release|Any CPU
	EndGlobalSection
	GlobalSection(ProjectConfigurationPlatforms) = postSolution
		{DD7BE4D4-F96C-4550-AE62-B480A29C8115}.Debug|Any CPU.ActiveCfg = Debug|Any CPU
		{DD7BE4D4-F96C-4550-AE62-B480A29C8115}.Debug|Any CPU.Build.0 = Debug|Any CPU
		{DD7BE4D4-F96C-4550-AE62-B480A29C8115}.Release|Any CPU.ActiveCfg = Release|Any CPU
		{DD7BE4D4-F96C-4550-AE62-B480A29C8115}.Release|Any CPU.Build.0 = Release|Any CPU
		{2ECEABC6-47B8-4850-B91C-91B385B7A7E1}.Debug|Any CPU.ActiveCfg = Debug|Any CPU
		{2ECEABC6-47B8-4850-B91C-91B385B7A7E1}.Debug|Any CPU.Build.0 = Debug|Any CPU
		{2ECEABC6-47B8-4850-B91C-91B385B7A7E1}.Release|Any CPU.ActiveCfg = Release|Any CPU
		{2ECEABC6-47B8-4850-B91C-91B385B7A7E1}.Release|Any CPU.Build.0 = Release|Any CPU
		{A2580916-C565-42D9-8915-6EAA9DC540E6}.Debug|Any CPU.ActiveCfg = Debug|Any CPU
		{A2580916-C565-42D9-8915-6EAA9DC540E6}.Debug|Any CPU.Build.0 = Debug|Any CPU
		{A2580916-C565-42D9-8915-6EAA9DC540E6}.Release|Any CPU.ActiveCfg = Release|Any CPU
		{A2580916-C565-42D9-8915-6EAA9DC540E6}.Release|Any CPU.Build.0 = Release|Any CPU
		{A91ECE8D-A67C-4F5D-8162-850287DE0A36}.Debug|Any CPU.ActiveCfg = Debug|Any CPU
		{A91ECE8D-A67C-4F5D-8162-850287DE0A36}.Debug|Any CPU.Build.0 = Debug|Any CPU
		{A91ECE8D-A67C-4F5D-8162-850287DE0A36}.Release|Any CPU.ActiveCfg = Release|Any CPU
		{A91ECE8D-A67C-4F5D-8162-850287DE0A36}.Release|Any CPU.Build.0 = Release|Any CPU
		{54888E70-A6B4-47C0-A24E-EF0C0CC9758A}.Debug|Any CPU.ActiveCfg = Debug|Any CPU
		{54888E70-A6B4-47C0-A24E-EF0C0CC9758A}.Debug|Any CPU.Build.0 = Debug|Any CPU
		{54888E70-A6B4-47C0-A24E-EF0C0CC9758A}.Release|Any CPU.ActiveCfg = Release|Any CPU
		{54888E70-A6B4-47C0-A24E-EF0C0CC9758A}.Release|Any CPU.Build.0 = Release|Any CPU
		{E707FFE4-2FDA-404D-BCF1-9F6652CB54CC}.Debug|Any CPU.ActiveCfg = Debug|Any CPU
		{E707FFE4-2FDA-404D-BCF1-9F6652CB54CC}.Debug|Any CPU.Build.0 = Debug|Any CPU
		{E707FFE4-2FDA-404D-BCF1-9F6652CB54CC}.Release|Any CPU.ActiveCfg = Release|Any CPU
		{E707FFE4-2FDA-404D-BCF1-9F6652CB54CC}.Release|Any CPU.Build.0 = Release|Any CPU
		{A8921DAA-D815-420B-B2E2-DC91AD3D875C}.Debug|Any CPU.ActiveCfg = Debug|Any CPU
		{A8921DAA-D815-420B-B2E2-DC91AD3D875C}.Debug|Any CPU.Build.0 = Debug|Any CPU
		{A8921DAA-D815-420B-B2E2-DC91AD3D875C}.Release|Any CPU.ActiveCfg = Release|Any CPU
		{A8921DAA-D815-420B-B2E2-DC91AD3D875C}.Release|Any CPU.Build.0 = Release|Any CPU
	EndGlobalSection
	GlobalSection(SolutionProperties) = preSolution
		HideSolutionNode = FALSE
	EndGlobalSection
	GlobalSection(ExtensibilityGlobals) = postSolution
		SolutionGuid = {1CC97243-5F41-4369-BC5B-455FECD29944}
	EndGlobalSection
EndGlobal
